// !$*UTF8*$!
{
	archiveVersion = 1;
	classes = {
	};
	objectVersion = 46;
	objects = {

/* Begin PBXBuildFile section */
		B3E7EBCDF7384C55B0A7BC40 /* libPods.a in Frameworks */ = {isa = PBXBuildFile; fileRef = FA1D7459EBB94CF8B8EAC330 /* libPods.a */; };
		EA6154F016DB3EE500519AF2 /* StationData.m in Sources */ = {isa = PBXBuildFile; fileRef = EA6154EF16DB3EE500519AF2 /* StationData.m */; };
		EA6154F316DB3EFA00519AF2 /* PullStationData.m in Sources */ = {isa = PBXBuildFile; fileRef = EA6154F216DB3EFA00519AF2 /* PullStationData.m */; };
		EA6154F716DB49CB00519AF2 /* StationDataCell.m in Sources */ = {isa = PBXBuildFile; fileRef = EA6154F616DB49CB00519AF2 /* StationDataCell.m */; };
		EA6154F916DB49DF00519AF2 /* StationDataCell.xib in Resources */ = {isa = PBXBuildFile; fileRef = EA6154F816DB49DF00519AF2 /* StationDataCell.xib */; };
		EA61550816DB4E3C00519AF2 /* ISRefresgControlIcon.png in Resources */ = {isa = PBXBuildFile; fileRef = EA6154FC16DB4E3C00519AF2 /* ISRefresgControlIcon.png */; };
		EA61550916DB4E3C00519AF2 /* ISRefresgControlIcon@2x.png in Resources */ = {isa = PBXBuildFile; fileRef = EA6154FD16DB4E3C00519AF2 /* ISRefresgControlIcon@2x.png */; };
		EA61550A16DB4E3C00519AF2 /* ISGumView.m in Sources */ = {isa = PBXBuildFile; fileRef = EA6154FF16DB4E3C00519AF2 /* ISGumView.m */; };
		EA61550B16DB4E3C00519AF2 /* ISRefreshControl.m in Sources */ = {isa = PBXBuildFile; fileRef = EA61550116DB4E3C00519AF2 /* ISRefreshControl.m */; };
		EA61550C16DB4E3C00519AF2 /* ISUtility.m in Sources */ = {isa = PBXBuildFile; fileRef = EA61550316DB4E3C00519AF2 /* ISUtility.m */; };
		EA61550D16DB4E3C00519AF2 /* UIActivityIndicatorView+ScaleAnimation.m in Sources */ = {isa = PBXBuildFile; fileRef = EA61550516DB4E3C00519AF2 /* UIActivityIndicatorView+ScaleAnimation.m */; };
		EA61550E16DB4E3C00519AF2 /* UITableViewController+RefreshControl.m in Sources */ = {isa = PBXBuildFile; fileRef = EA61550716DB4E3C00519AF2 /* UITableViewController+RefreshControl.m */; };
		EA95C73016DA7A7E000F069C /* MBProgressHUD.m in Sources */ = {isa = PBXBuildFile; fileRef = EA95C72F16DA7A7E000F069C /* MBProgressHUD.m */; };
		EA95C73516DA7E69000F069C /* NetworkOperation.m in Sources */ = {isa = PBXBuildFile; fileRef = EA95C73416DA7E69000F069C /* NetworkOperation.m */; };
		EA95C73816DA7E7D000F069C /* PullAllStations.m in Sources */ = {isa = PBXBuildFile; fileRef = EA95C73716DA7E7D000F069C /* PullAllStations.m */; };
		EA95C73B16DA7EE8000F069C /* Localizable.strings in Resources */ = {isa = PBXBuildFile; fileRef = EA95C73916DA7EE8000F069C /* Localizable.strings */; };
		EA95C73F16DB2D29000F069C /* GDataXMLNode.m in Sources */ = {isa = PBXBuildFile; fileRef = EA95C73E16DB2D29000F069C /* GDataXMLNode.m */; settings = {COMPILER_FLAGS = "-fno-objc-arc"; }; };
		EA95C74316DB2E2A000F069C /* Station.m in Sources */ = {isa = PBXBuildFile; fileRef = EA95C74216DB2E2A000F069C /* Station.m */; };
		EA95C74516DB3232000F069C /* CoreLocation.framework in Frameworks */ = {isa = PBXBuildFile; fileRef = EA95C74416DB3232000F069C /* CoreLocation.framework */; };
		EA95C74916DB33E4000F069C /* GDataXMLElement+Helpers.m in Sources */ = {isa = PBXBuildFile; fileRef = EA95C74816DB33E4000F069C /* GDataXMLElement+Helpers.m */; };
		EAAC33A516DA726600492859 /* UIKit.framework in Frameworks */ = {isa = PBXBuildFile; fileRef = EAAC33A416DA726600492859 /* UIKit.framework */; };
		EAAC33A716DA726600492859 /* Foundation.framework in Frameworks */ = {isa = PBXBuildFile; fileRef = EAAC33A616DA726600492859 /* Foundation.framework */; };
		EAAC33A916DA726600492859 /* CoreGraphics.framework in Frameworks */ = {isa = PBXBuildFile; fileRef = EAAC33A816DA726600492859 /* CoreGraphics.framework */; };
		EAAC33AF16DA726600492859 /* InfoPlist.strings in Resources */ = {isa = PBXBuildFile; fileRef = EAAC33AD16DA726600492859 /* InfoPlist.strings */; };
		EAAC33B116DA726600492859 /* main.m in Sources */ = {isa = PBXBuildFile; fileRef = EAAC33B016DA726600492859 /* main.m */; };
		EAAC33B516DA726600492859 /* AppDelegate.m in Sources */ = {isa = PBXBuildFile; fileRef = EAAC33B416DA726600492859 /* AppDelegate.m */; };
		EAAC33B716DA726600492859 /* Default.png in Resources */ = {isa = PBXBuildFile; fileRef = EAAC33B616DA726600492859 /* Default.png */; };
		EAAC33B916DA726600492859 /* Default@2x.png in Resources */ = {isa = PBXBuildFile; fileRef = EAAC33B816DA726600492859 /* Default@2x.png */; };
		EAAC33BB16DA726600492859 /* Default-568h@2x.png in Resources */ = {isa = PBXBuildFile; fileRef = EAAC33BA16DA726600492859 /* Default-568h@2x.png */; };
		EAAF85DB16DA73EE00952BEA /* MainViewController.m in Sources */ = {isa = PBXBuildFile; fileRef = EAAF85D916DA73EE00952BEA /* MainViewController.m */; };
		EAAF85DC16DA73EE00952BEA /* MainViewController.xib in Resources */ = {isa = PBXBuildFile; fileRef = EAAF85DA16DA73EE00952BEA /* MainViewController.xib */; };
/* End PBXBuildFile section */

/* Begin PBXFileReference section */
		A1FF891A6C4F4CF396E61782 /* Pods.xcconfig */ = {isa = PBXFileReference; includeInIndex = 1; lastKnownFileType = text.xcconfig; name = Pods.xcconfig; path = Pods/Pods.xcconfig; sourceTree = SOURCE_ROOT; };
		EA6154EE16DB3EE500519AF2 /* StationData.h */ = {isa = PBXFileReference; fileEncoding = 4; lastKnownFileType = sourcecode.c.h; path = StationData.h; sourceTree = "<group>"; };
		EA6154EF16DB3EE500519AF2 /* StationData.m */ = {isa = PBXFileReference; fileEncoding = 4; lastKnownFileType = sourcecode.c.objc; path = StationData.m; sourceTree = "<group>"; };
		EA6154F116DB3EFA00519AF2 /* PullStationData.h */ = {isa = PBXFileReference; fileEncoding = 4; lastKnownFileType = sourcecode.c.h; path = PullStationData.h; sourceTree = "<group>"; };
		EA6154F216DB3EFA00519AF2 /* PullStationData.m */ = {isa = PBXFileReference; fileEncoding = 4; lastKnownFileType = sourcecode.c.objc; path = PullStationData.m; sourceTree = "<group>"; };
		EA6154F516DB49CB00519AF2 /* StationDataCell.h */ = {isa = PBXFileReference; fileEncoding = 4; lastKnownFileType = sourcecode.c.h; path = StationDataCell.h; sourceTree = "<group>"; };
		EA6154F616DB49CB00519AF2 /* StationDataCell.m */ = {isa = PBXFileReference; fileEncoding = 4; lastKnownFileType = sourcecode.c.objc; path = StationDataCell.m; sourceTree = "<group>"; };
		EA6154F816DB49DF00519AF2 /* StationDataCell.xib */ = {isa = PBXFileReference; fileEncoding = 4; lastKnownFileType = file.xib; path = StationDataCell.xib; sourceTree = "<group>"; };
		EA6154FC16DB4E3C00519AF2 /* ISRefresgControlIcon.png */ = {isa = PBXFileReference; lastKnownFileType = image.png; path = ISRefresgControlIcon.png; sourceTree = "<group>"; };
		EA6154FD16DB4E3C00519AF2 /* ISRefresgControlIcon@2x.png */ = {isa = PBXFileReference; lastKnownFileType = image.png; path = "ISRefresgControlIcon@2x.png"; sourceTree = "<group>"; };
		EA6154FE16DB4E3C00519AF2 /* ISGumView.h */ = {isa = PBXFileReference; fileEncoding = 4; lastKnownFileType = sourcecode.c.h; path = ISGumView.h; sourceTree = "<group>"; };
		EA6154FF16DB4E3C00519AF2 /* ISGumView.m */ = {isa = PBXFileReference; fileEncoding = 4; lastKnownFileType = sourcecode.c.objc; path = ISGumView.m; sourceTree = "<group>"; };
		EA61550016DB4E3C00519AF2 /* ISRefreshControl.h */ = {isa = PBXFileReference; fileEncoding = 4; lastKnownFileType = sourcecode.c.h; path = ISRefreshControl.h; sourceTree = "<group>"; };
		EA61550116DB4E3C00519AF2 /* ISRefreshControl.m */ = {isa = PBXFileReference; fileEncoding = 4; lastKnownFileType = sourcecode.c.objc; path = ISRefreshControl.m; sourceTree = "<group>"; };
		EA61550216DB4E3C00519AF2 /* ISUtility.h */ = {isa = PBXFileReference; fileEncoding = 4; lastKnownFileType = sourcecode.c.h; path = ISUtility.h; sourceTree = "<group>"; };
		EA61550316DB4E3C00519AF2 /* ISUtility.m */ = {isa = PBXFileReference; fileEncoding = 4; lastKnownFileType = sourcecode.c.objc; path = ISUtility.m; sourceTree = "<group>"; };
		EA61550416DB4E3C00519AF2 /* UIActivityIndicatorView+ScaleAnimation.h */ = {isa = PBXFileReference; fileEncoding = 4; lastKnownFileType = sourcecode.c.h; path = "UIActivityIndicatorView+ScaleAnimation.h"; sourceTree = "<group>"; };
		EA61550516DB4E3C00519AF2 /* UIActivityIndicatorView+ScaleAnimation.m */ = {isa = PBXFileReference; fileEncoding = 4; lastKnownFileType = sourcecode.c.objc; path = "UIActivityIndicatorView+ScaleAnimation.m"; sourceTree = "<group>"; };
		EA61550616DB4E3C00519AF2 /* UITableViewController+RefreshControl.h */ = {isa = PBXFileReference; fileEncoding = 4; lastKnownFileType = sourcecode.c.h; path = "UITableViewController+RefreshControl.h"; sourceTree = "<group>"; };
		EA61550716DB4E3C00519AF2 /* UITableViewController+RefreshControl.m */ = {isa = PBXFileReference; fileEncoding = 4; lastKnownFileType = sourcecode.c.objc; path = "UITableViewController+RefreshControl.m"; sourceTree = "<group>"; };
		EA95C72E16DA7A7E000F069C /* MBProgressHUD.h */ = {isa = PBXFileReference; fileEncoding = 4; lastKnownFileType = sourcecode.c.h; path = MBProgressHUD.h; sourceTree = "<group>"; };
		EA95C72F16DA7A7E000F069C /* MBProgressHUD.m */ = {isa = PBXFileReference; fileEncoding = 4; lastKnownFileType = sourcecode.c.objc; path = MBProgressHUD.m; sourceTree = "<group>"; };
		EA95C73116DA7D3E000F069C /* Constants.h */ = {isa = PBXFileReference; lastKnownFileType = sourcecode.c.h; path = Constants.h; sourceTree = "<group>"; };
		EA95C73316DA7E69000F069C /* NetworkOperation.h */ = {isa = PBXFileReference; fileEncoding = 4; lastKnownFileType = sourcecode.c.h; path = NetworkOperation.h; sourceTree = "<group>"; };
		EA95C73416DA7E69000F069C /* NetworkOperation.m */ = {isa = PBXFileReference; fileEncoding = 4; lastKnownFileType = sourcecode.c.objc; path = NetworkOperation.m; sourceTree = "<group>"; };
		EA95C73616DA7E7D000F069C /* PullAllStations.h */ = {isa = PBXFileReference; fileEncoding = 4; lastKnownFileType = sourcecode.c.h; path = PullAllStations.h; sourceTree = "<group>"; };
		EA95C73716DA7E7D000F069C /* PullAllStations.m */ = {isa = PBXFileReference; fileEncoding = 4; lastKnownFileType = sourcecode.c.objc; path = PullAllStations.m; sourceTree = "<group>"; };
		EA95C73A16DA7EE8000F069C /* en */ = {isa = PBXFileReference; lastKnownFileType = text.plist.strings; name = en; path = en.lproj/Localizable.strings; sourceTree = "<group>"; };
		EA95C73D16DB2D29000F069C /* GDataXMLNode.h */ = {isa = PBXFileReference; fileEncoding = 4; lastKnownFileType = sourcecode.c.h; path = GDataXMLNode.h; sourceTree = "<group>"; };
		EA95C73E16DB2D29000F069C /* GDataXMLNode.m */ = {isa = PBXFileReference; fileEncoding = 4; lastKnownFileType = sourcecode.c.objc; path = GDataXMLNode.m; sourceTree = "<group>"; };
		EA95C74116DB2E2A000F069C /* Station.h */ = {isa = PBXFileReference; fileEncoding = 4; lastKnownFileType = sourcecode.c.h; path = Station.h; sourceTree = "<group>"; };
		EA95C74216DB2E2A000F069C /* Station.m */ = {isa = PBXFileReference; fileEncoding = 4; lastKnownFileType = sourcecode.c.objc; path = Station.m; sourceTree = "<group>"; };
		EA95C74416DB3232000F069C /* CoreLocation.framework */ = {isa = PBXFileReference; lastKnownFileType = wrapper.framework; name = CoreLocation.framework; path = System/Library/Frameworks/CoreLocation.framework; sourceTree = SDKROOT; };
		EA95C74716DB33E4000F069C /* GDataXMLElement+Helpers.h */ = {isa = PBXFileReference; fileEncoding = 4; lastKnownFileType = sourcecode.c.h; path = "GDataXMLElement+Helpers.h"; sourceTree = "<group>"; };
		EA95C74816DB33E4000F069C /* GDataXMLElement+Helpers.m */ = {isa = PBXFileReference; fileEncoding = 4; lastKnownFileType = sourcecode.c.objc; path = "GDataXMLElement+Helpers.m"; sourceTree = "<group>"; };
		EAAC33A116DA726600492859 /* IrishRails.app */ = {isa = PBXFileReference; explicitFileType = wrapper.application; includeInIndex = 0; path = IrishRails.app; sourceTree = BUILT_PRODUCTS_DIR; };
		EAAC33A416DA726600492859 /* UIKit.framework */ = {isa = PBXFileReference; lastKnownFileType = wrapper.framework; name = UIKit.framework; path = System/Library/Frameworks/UIKit.framework; sourceTree = SDKROOT; };
		EAAC33A616DA726600492859 /* Foundation.framework */ = {isa = PBXFileReference; lastKnownFileType = wrapper.framework; name = Foundation.framework; path = System/Library/Frameworks/Foundation.framework; sourceTree = SDKROOT; };
		EAAC33A816DA726600492859 /* CoreGraphics.framework */ = {isa = PBXFileReference; lastKnownFileType = wrapper.framework; name = CoreGraphics.framework; path = System/Library/Frameworks/CoreGraphics.framework; sourceTree = SDKROOT; };
		EAAC33AC16DA726600492859 /* IrishRails-Info.plist */ = {isa = PBXFileReference; lastKnownFileType = text.plist.xml; path = "IrishRails-Info.plist"; sourceTree = "<group>"; };
		EAAC33AE16DA726600492859 /* en */ = {isa = PBXFileReference; lastKnownFileType = text.plist.strings; name = en; path = en.lproj/InfoPlist.strings; sourceTree = "<group>"; };
		EAAC33B016DA726600492859 /* main.m */ = {isa = PBXFileReference; lastKnownFileType = sourcecode.c.objc; path = main.m; sourceTree = "<group>"; };
		EAAC33B216DA726600492859 /* IrishRails-Prefix.pch */ = {isa = PBXFileReference; lastKnownFileType = sourcecode.c.h; path = "IrishRails-Prefix.pch"; sourceTree = "<group>"; };
		EAAC33B316DA726600492859 /* AppDelegate.h */ = {isa = PBXFileReference; lastKnownFileType = sourcecode.c.h; path = AppDelegate.h; sourceTree = "<group>"; };
		EAAC33B416DA726600492859 /* AppDelegate.m */ = {isa = PBXFileReference; lastKnownFileType = sourcecode.c.objc; path = AppDelegate.m; sourceTree = "<group>"; };
		EAAC33B616DA726600492859 /* Default.png */ = {isa = PBXFileReference; lastKnownFileType = image.png; path = Default.png; sourceTree = "<group>"; };
		EAAC33B816DA726600492859 /* Default@2x.png */ = {isa = PBXFileReference; lastKnownFileType = image.png; path = "Default@2x.png"; sourceTree = "<group>"; };
		EAAC33BA16DA726600492859 /* Default-568h@2x.png */ = {isa = PBXFileReference; lastKnownFileType = image.png; path = "Default-568h@2x.png"; sourceTree = "<group>"; };
		EAAF85D816DA73EE00952BEA /* MainViewController.h */ = {isa = PBXFileReference; fileEncoding = 4; lastKnownFileType = sourcecode.c.h; path = MainViewController.h; sourceTree = "<group>"; };
		EAAF85D916DA73EE00952BEA /* MainViewController.m */ = {isa = PBXFileReference; fileEncoding = 4; lastKnownFileType = sourcecode.c.objc; path = MainViewController.m; sourceTree = "<group>"; };
		EAAF85DA16DA73EE00952BEA /* MainViewController.xib */ = {isa = PBXFileReference; fileEncoding = 4; lastKnownFileType = file.xib; path = MainViewController.xib; sourceTree = "<group>"; };
		FA1D7459EBB94CF8B8EAC330 /* libPods.a */ = {isa = PBXFileReference; explicitFileType = archive.ar; includeInIndex = 0; path = libPods.a; sourceTree = BUILT_PRODUCTS_DIR; };
/* End PBXFileReference section */

/* Begin PBXFrameworksBuildPhase section */
		EAAC339E16DA726600492859 /* Frameworks */ = {
			isa = PBXFrameworksBuildPhase;
			buildActionMask = 2147483647;
			files = (
				EA95C74516DB3232000F069C /* CoreLocation.framework in Frameworks */,
				EAAC33A516DA726600492859 /* UIKit.framework in Frameworks */,
				EAAC33A716DA726600492859 /* Foundation.framework in Frameworks */,
				EAAC33A916DA726600492859 /* CoreGraphics.framework in Frameworks */,
				B3E7EBCDF7384C55B0A7BC40 /* libPods.a in Frameworks */,
			);
			runOnlyForDeploymentPostprocessing = 0;
		};
/* End PBXFrameworksBuildPhase section */

/* Begin PBXGroup section */
		EA6154F416DB49B700519AF2 /* Cells */ = {
			isa = PBXGroup;
			children = (
				EA6154F516DB49CB00519AF2 /* StationDataCell.h */,
				EA6154F616DB49CB00519AF2 /* StationDataCell.m */,
				EA6154F816DB49DF00519AF2 /* StationDataCell.xib */,
			);
			path = Cells;
			sourceTree = "<group>";
		};
		EA6154FA16DB4E3C00519AF2 /* ISRefreshControl */ = {
			isa = PBXGroup;
			children = (
				EA6154FB16DB4E3C00519AF2 /* Images */,
				EA6154FE16DB4E3C00519AF2 /* ISGumView.h */,
				EA6154FF16DB4E3C00519AF2 /* ISGumView.m */,
				EA61550016DB4E3C00519AF2 /* ISRefreshControl.h */,
				EA61550116DB4E3C00519AF2 /* ISRefreshControl.m */,
				EA61550216DB4E3C00519AF2 /* ISUtility.h */,
				EA61550316DB4E3C00519AF2 /* ISUtility.m */,
				EA61550416DB4E3C00519AF2 /* UIActivityIndicatorView+ScaleAnimation.h */,
				EA61550516DB4E3C00519AF2 /* UIActivityIndicatorView+ScaleAnimation.m */,
				EA61550616DB4E3C00519AF2 /* UITableViewController+RefreshControl.h */,
				EA61550716DB4E3C00519AF2 /* UITableViewController+RefreshControl.m */,
			);
			path = ISRefreshControl;
			sourceTree = "<group>";
		};
		EA6154FB16DB4E3C00519AF2 /* Images */ = {
			isa = PBXGroup;
			children = (
				EA6154FC16DB4E3C00519AF2 /* ISRefresgControlIcon.png */,
				EA6154FD16DB4E3C00519AF2 /* ISRefresgControlIcon@2x.png */,
			);
			path = Images;
			sourceTree = "<group>";
		};
		EA95C72C16DA7A7E000F069C /* Thirdparty */ = {
			isa = PBXGroup;
			children = (
				EA95C73C16DB2D1E000F069C /* GDataXML */,
				EA6154FA16DB4E3C00519AF2 /* ISRefreshControl */,
				EA95C72D16DA7A7E000F069C /* MBProgressHUD */,
			);
			path = Thirdparty;
			sourceTree = "<group>";
		};
		EA95C72D16DA7A7E000F069C /* MBProgressHUD */ = {
			isa = PBXGroup;
			children = (
				EA95C72E16DA7A7E000F069C /* MBProgressHUD.h */,
				EA95C72F16DA7A7E000F069C /* MBProgressHUD.m */,
			);
			path = MBProgressHUD;
			sourceTree = "<group>";
		};
		EA95C73216DA7DF1000F069C /* Network */ = {
			isa = PBXGroup;
			children = (
				EA95C73316DA7E69000F069C /* NetworkOperation.h */,
				EA95C73416DA7E69000F069C /* NetworkOperation.m */,
				EA95C73616DA7E7D000F069C /* PullAllStations.h */,
				EA95C73716DA7E7D000F069C /* PullAllStations.m */,
				EA6154F116DB3EFA00519AF2 /* PullStationData.h */,
				EA6154F216DB3EFA00519AF2 /* PullStationData.m */,
			);
			indentWidth = 2;
			path = Network;
			sourceTree = "<group>";
			tabWidth = 2;
			wrapsLines = 0;
		};
		EA95C73C16DB2D1E000F069C /* GDataXML */ = {
			isa = PBXGroup;
			children = (
				EA95C73D16DB2D29000F069C /* GDataXMLNode.h */,
				EA95C73E16DB2D29000F069C /* GDataXMLNode.m */,
			);
			path = GDataXML;
			sourceTree = "<group>";
		};
		EA95C74016DB2E18000F069C /* Model */ = {
			isa = PBXGroup;
			children = (
				EA95C74116DB2E2A000F069C /* Station.h */,
				EA95C74216DB2E2A000F069C /* Station.m */,
				EA6154EE16DB3EE500519AF2 /* StationData.h */,
				EA6154EF16DB3EE500519AF2 /* StationData.m */,
			);
			path = Model;
			sourceTree = "<group>";
		};
		EA95C74616DB3313000F069C /* Categories */ = {
			isa = PBXGroup;
			children = (
				EA95C74716DB33E4000F069C /* GDataXMLElement+Helpers.h */,
				EA95C74816DB33E4000F069C /* GDataXMLElement+Helpers.m */,
			);
			path = Categories;
			sourceTree = "<group>";
		};
		EAAC339816DA726600492859 = {
			isa = PBXGroup;
			children = (
				EAAC33A316DA726600492859 /* Frameworks */,
				EAAC33AA16DA726600492859 /* IrishRails */,
				A1FF891A6C4F4CF396E61782 /* Pods.xcconfig */,
				EAAC33A216DA726600492859 /* Products */,
				EA95C72C16DA7A7E000F069C /* Thirdparty */,
			);
			sourceTree = "<group>";
		};
		EAAC33A216DA726600492859 /* Products */ = {
			isa = PBXGroup;
			children = (
				EAAC33A116DA726600492859 /* IrishRails.app */,
			);
			name = Products;
			sourceTree = "<group>";
		};
		EAAC33A316DA726600492859 /* Frameworks */ = {
			isa = PBXGroup;
			children = (
				EA95C74416DB3232000F069C /* CoreLocation.framework */,
				EAAC33A416DA726600492859 /* UIKit.framework */,
				EAAC33A616DA726600492859 /* Foundation.framework */,
				EAAC33A816DA726600492859 /* CoreGraphics.framework */,
				FA1D7459EBB94CF8B8EAC330 /* libPods.a */,
			);
			name = Frameworks;
			sourceTree = "<group>";
		};
		EAAC33AA16DA726600492859 /* IrishRails */ = {
			isa = PBXGroup;
			children = (
				EA95C74616DB3313000F069C /* Categories */,
				EA6154F416DB49B700519AF2 /* Cells */,
				EA95C74016DB2E18000F069C /* Model */,
				EA95C73216DA7DF1000F069C /* Network */,
				EAAC33AB16DA726600492859 /* Supporting Files */,
				EAAF85D716DA73CC00952BEA /* ViewControllers */,
				EAAC33B316DA726600492859 /* AppDelegate.h */,
				EAAC33B416DA726600492859 /* AppDelegate.m */,
				EA95C73116DA7D3E000F069C /* Constants.h */,
			);
			path = IrishRails;
			sourceTree = "<group>";
		};
		EAAC33AB16DA726600492859 /* Supporting Files */ = {
			isa = PBXGroup;
			children = (
				EAAC33BA16DA726600492859 /* Default-568h@2x.png */,
				EAAC33B616DA726600492859 /* Default.png */,
				EAAC33B816DA726600492859 /* Default@2x.png */,
				EAAC33AD16DA726600492859 /* InfoPlist.strings */,
				EAAC33AC16DA726600492859 /* IrishRails-Info.plist */,
				EAAC33B216DA726600492859 /* IrishRails-Prefix.pch */,
				EA95C73916DA7EE8000F069C /* Localizable.strings */,
				EAAC33B016DA726600492859 /* main.m */,
			);
			name = "Supporting Files";
			sourceTree = "<group>";
		};
		EAAF85D716DA73CC00952BEA /* ViewControllers */ = {
			isa = PBXGroup;
			children = (
				EAAF85D816DA73EE00952BEA /* MainViewController.h */,
				EAAF85D916DA73EE00952BEA /* MainViewController.m */,
				EAAF85DA16DA73EE00952BEA /* MainViewController.xib */,
			);
			path = ViewControllers;
			sourceTree = "<group>";
		};
/* End PBXGroup section */

/* Begin PBXNativeTarget section */
		EAAC33A016DA726600492859 /* IrishRails */ = {
			isa = PBXNativeTarget;
			buildConfigurationList = EAAC33BE16DA726600492859 /* Build configuration list for PBXNativeTarget "IrishRails" */;
			buildPhases = (
				EAAC339D16DA726600492859 /* Sources */,
				EAAC339E16DA726600492859 /* Frameworks */,
				EAAC339F16DA726600492859 /* Resources */,
				A329212BC0374403BD7F5C16 /* Copy Pods Resources */,
			);
			buildRules = (
			);
			dependencies = (
			);
			name = IrishRails;
			productName = IrishRails;
			productReference = EAAC33A116DA726600492859 /* IrishRails.app */;
			productType = "com.apple.product-type.application";
		};
/* End PBXNativeTarget section */

/* Begin PBXProject section */
		EAAC339916DA726600492859 /* Project object */ = {
			isa = PBXProject;
			attributes = {
				LastUpgradeCheck = 0460;
				ORGANIZATIONNAME = JaanusSiim;
			};
			buildConfigurationList = EAAC339C16DA726600492859 /* Build configuration list for PBXProject "IrishRails" */;
			compatibilityVersion = "Xcode 3.2";
			developmentRegion = English;
			hasScannedForEncodings = 0;
			knownRegions = (
				en,
			);
			mainGroup = EAAC339816DA726600492859;
			productRefGroup = EAAC33A216DA726600492859 /* Products */;
			projectDirPath = "";
			projectRoot = "";
			targets = (
				EAAC33A016DA726600492859 /* IrishRails */,
			);
		};
/* End PBXProject section */

/* Begin PBXResourcesBuildPhase section */
		EAAC339F16DA726600492859 /* Resources */ = {
			isa = PBXResourcesBuildPhase;
			buildActionMask = 2147483647;
			files = (
				EAAC33AF16DA726600492859 /* InfoPlist.strings in Resources */,
				EAAC33B716DA726600492859 /* Default.png in Resources */,
				EAAC33B916DA726600492859 /* Default@2x.png in Resources */,
				EAAC33BB16DA726600492859 /* Default-568h@2x.png in Resources */,
				EAAF85DC16DA73EE00952BEA /* MainViewController.xib in Resources */,
				EA95C73B16DA7EE8000F069C /* Localizable.strings in Resources */,
				EA6154F916DB49DF00519AF2 /* StationDataCell.xib in Resources */,
				EA61550816DB4E3C00519AF2 /* ISRefresgControlIcon.png in Resources */,
				EA61550916DB4E3C00519AF2 /* ISRefresgControlIcon@2x.png in Resources */,
			);
			runOnlyForDeploymentPostprocessing = 0;
		};
/* End PBXResourcesBuildPhase section */

/* Begin PBXShellScriptBuildPhase section */
		A329212BC0374403BD7F5C16 /* Copy Pods Resources */ = {
			isa = PBXShellScriptBuildPhase;
			buildActionMask = 2147483647;
			files = (
			);
			inputPaths = (
			);
			name = "Copy Pods Resources";
			outputPaths = (
			);
			runOnlyForDeploymentPostprocessing = 0;
			shellPath = /bin/sh;
			shellScript = "\"${SRCROOT}/Pods/Pods-resources.sh\"\n";
		};
/* End PBXShellScriptBuildPhase section */

/* Begin PBXSourcesBuildPhase section */
		EAAC339D16DA726600492859 /* Sources */ = {
			isa = PBXSourcesBuildPhase;
			buildActionMask = 2147483647;
			files = (
				EAAC33B116DA726600492859 /* main.m in Sources */,
				EAAC33B516DA726600492859 /* AppDelegate.m in Sources */,
				EAAF85DB16DA73EE00952BEA /* MainViewController.m in Sources */,
				EA95C73016DA7A7E000F069C /* MBProgressHUD.m in Sources */,
				EA95C73516DA7E69000F069C /* NetworkOperation.m in Sources */,
				EA95C73816DA7E7D000F069C /* PullAllStations.m in Sources */,
				EA95C73F16DB2D29000F069C /* GDataXMLNode.m in Sources */,
				EA95C74316DB2E2A000F069C /* Station.m in Sources */,
				EA95C74916DB33E4000F069C /* GDataXMLElement+Helpers.m in Sources */,
				EA6154F016DB3EE500519AF2 /* StationData.m in Sources */,
				EA6154F316DB3EFA00519AF2 /* PullStationData.m in Sources */,
				EA6154F716DB49CB00519AF2 /* StationDataCell.m in Sources */,
				EA61550A16DB4E3C00519AF2 /* ISGumView.m in Sources */,
				EA61550B16DB4E3C00519AF2 /* ISRefreshControl.m in Sources */,
				EA61550C16DB4E3C00519AF2 /* ISUtility.m in Sources */,
				EA61550D16DB4E3C00519AF2 /* UIActivityIndicatorView+ScaleAnimation.m in Sources */,
				EA61550E16DB4E3C00519AF2 /* UITableViewController+RefreshControl.m in Sources */,
			);
			runOnlyForDeploymentPostprocessing = 0;
		};
/* End PBXSourcesBuildPhase section */

/* Begin PBXVariantGroup section */
		EA95C73916DA7EE8000F069C /* Localizable.strings */ = {
			isa = PBXVariantGroup;
			children = (
				EA95C73A16DA7EE8000F069C /* en */,
			);
			name = Localizable.strings;
			sourceTree = "<group>";
		};
		EAAC33AD16DA726600492859 /* InfoPlist.strings */ = {
			isa = PBXVariantGroup;
			children = (
				EAAC33AE16DA726600492859 /* en */,
			);
			name = InfoPlist.strings;
			sourceTree = "<group>";
		};
/* End PBXVariantGroup section */

/* Begin XCBuildConfiguration section */
		EAAC33BC16DA726600492859 /* Debug */ = {
			isa = XCBuildConfiguration;
			buildSettings = {
				ALWAYS_SEARCH_USER_PATHS = NO;
				CLANG_CXX_LANGUAGE_STANDARD = "gnu++0x";
				CLANG_CXX_LIBRARY = "libc++";
				CLANG_ENABLE_OBJC_ARC = YES;
				CLANG_WARN_CONSTANT_CONVERSION = YES;
				CLANG_WARN_EMPTY_BODY = YES;
				CLANG_WARN_ENUM_CONVERSION = YES;
				CLANG_WARN_INT_CONVERSION = YES;
				CLANG_WARN__DUPLICATE_METHOD_MATCH = YES;
				"CODE_SIGN_IDENTITY[sdk=iphoneos*]" = "iPhone Developer";
				COPY_PHASE_STRIP = NO;
				GCC_C_LANGUAGE_STANDARD = gnu99;
				GCC_DYNAMIC_NO_PIC = NO;
				GCC_OPTIMIZATION_LEVEL = 0;
				GCC_PREPROCESSOR_DEFINITIONS = (
					"DEBUG=1",
					"$(inherited)",
				);
				GCC_SYMBOLS_PRIVATE_EXTERN = NO;
				GCC_WARN_ABOUT_RETURN_TYPE = YES;
				GCC_WARN_UNINITIALIZED_AUTOS = YES;
				GCC_WARN_UNUSED_VARIABLE = YES;
				IPHONEOS_DEPLOYMENT_TARGET = 5.0;
				ONLY_ACTIVE_ARCH = YES;
				SDKROOT = iphoneos;
			};
			name = Debug;
		};
		EAAC33BD16DA726600492859 /* Release */ = {
			isa = XCBuildConfiguration;
			buildSettings = {
				ALWAYS_SEARCH_USER_PATHS = NO;
				CLANG_CXX_LANGUAGE_STANDARD = "gnu++0x";
				CLANG_CXX_LIBRARY = "libc++";
				CLANG_ENABLE_OBJC_ARC = YES;
				CLANG_WARN_CONSTANT_CONVERSION = YES;
				CLANG_WARN_EMPTY_BODY = YES;
				CLANG_WARN_ENUM_CONVERSION = YES;
				CLANG_WARN_INT_CONVERSION = YES;
				CLANG_WARN__DUPLICATE_METHOD_MATCH = YES;
				"CODE_SIGN_IDENTITY[sdk=iphoneos*]" = "iPhone Developer";
				COPY_PHASE_STRIP = YES;
				GCC_C_LANGUAGE_STANDARD = gnu99;
				GCC_WARN_ABOUT_RETURN_TYPE = YES;
				GCC_WARN_UNINITIALIZED_AUTOS = YES;
				GCC_WARN_UNUSED_VARIABLE = YES;
				IPHONEOS_DEPLOYMENT_TARGET = 5.0;
				OTHER_CFLAGS = "-DNS_BLOCK_ASSERTIONS=1";
				SDKROOT = iphoneos;
				VALIDATE_PRODUCT = YES;
			};
			name = Release;
		};
		EAAC33BF16DA726600492859 /* Debug */ = {
			isa = XCBuildConfiguration;
			baseConfigurationReference = A1FF891A6C4F4CF396E61782 /* Pods.xcconfig */;
			buildSettings = {
				GCC_PRECOMPILE_PREFIX_HEADER = YES;
				GCC_PREFIX_HEADER = "IrishRails/IrishRails-Prefix.pch";
				HEADER_SEARCH_PATHS = (
					"${PODS_HEADERS_SEARCH_PATHS}",
					/usr/include/libxml2,
				);
				INFOPLIST_FILE = "IrishRails/IrishRails-Info.plist";
				OTHER_LDFLAGS = (
					"-ObjC",
					"-framework",
					MobileCoreServices,
					"-framework",
					SystemConfiguration,
					"-lxml2",
				);
				PRODUCT_NAME = "$(TARGET_NAME)";
				USER_HEADER_SEARCH_PATHS = "\"${PROJECT_DIR}/Pods\"/**";
				WRAPPER_EXTENSION = app;
			};
			name = Debug;
		};
		EAAC33C016DA726600492859 /* Release */ = {
			isa = XCBuildConfiguration;
			baseConfigurationReference = A1FF891A6C4F4CF396E61782 /* Pods.xcconfig */;
			buildSettings = {
				GCC_PRECOMPILE_PREFIX_HEADER = YES;
				GCC_PREFIX_HEADER = "IrishRails/IrishRails-Prefix.pch";
				HEADER_SEARCH_PATHS = (
					"${PODS_HEADERS_SEARCH_PATHS}",
					/usr/include/libxml2,
				);
				INFOPLIST_FILE = "IrishRails/IrishRails-Info.plist";
				OTHER_LDFLAGS = (
					"-ObjC",
					"-framework",
					MobileCoreServices,
					"-framework",
					SystemConfiguration,
					"-lxml2",
				);
				PRODUCT_NAME = "$(TARGET_NAME)";
				USER_HEADER_SEARCH_PATHS = "\"${PROJECT_DIR}/Pods\"/**";
				WRAPPER_EXTENSION = app;
			};
			name = Release;
		};
/* End XCBuildConfiguration section */

/* Begin XCConfigurationList section */
		EAAC339C16DA726600492859 /* Build configuration list for PBXProject "IrishRails" */ = {
			isa = XCConfigurationList;
			buildConfigurations = (
				EAAC33BC16DA726600492859 /* Debug */,
				EAAC33BD16DA726600492859 /* Release */,
			);
			defaultConfigurationIsVisible = 0;
			defaultConfigurationName = Release;
		};
		EAAC33BE16DA726600492859 /* Build configuration list for PBXNativeTarget "IrishRails" */ = {
			isa = XCConfigurationList;
			buildConfigurations = (
				EAAC33BF16DA726600492859 /* Debug */,
				EAAC33C016DA726600492859 /* Release */,
			);
			defaultConfigurationIsVisible = 0;
			defaultConfigurationName = Release;
		};
/* End XCConfigurationList section */
	};
	rootObject = EAAC339916DA726600492859 /* Project object */;
}
